// !$*UTF8*$!
{
	archiveVersion = 1;
	classes = {
	};
	objectVersion = 48;
	objects = {

/* Begin PBXBuildFile section */
		362853A91FE85DF200CBF56E /* AppDelegate.swift in Sources */ = {isa = PBXBuildFile; fileRef = 362853A81FE85DF200CBF56E /* AppDelegate.swift */; };
		362853AB1FE85DF200CBF56E /* RootViewController.swift in Sources */ = {isa = PBXBuildFile; fileRef = 362853AA1FE85DF200CBF56E /* RootViewController.swift */; };
		362853AD1FE85DF200CBF56E /* DataViewController.swift in Sources */ = {isa = PBXBuildFile; fileRef = 362853AC1FE85DF200CBF56E /* DataViewController.swift */; };
		362853AF1FE85DF200CBF56E /* ModelController.swift in Sources */ = {isa = PBXBuildFile; fileRef = 362853AE1FE85DF200CBF56E /* ModelController.swift */; };
		362853B21FE85DF200CBF56E /* Main.storyboard in Resources */ = {isa = PBXBuildFile; fileRef = 362853B01FE85DF200CBF56E /* Main.storyboard */; };
		362853B41FE85DF200CBF56E /* Assets.xcassets in Resources */ = {isa = PBXBuildFile; fileRef = 362853B31FE85DF200CBF56E /* Assets.xcassets */; };
		362853B71FE85DF200CBF56E /* LaunchScreen.storyboard in Resources */ = {isa = PBXBuildFile; fileRef = 362853B51FE85DF200CBF56E /* LaunchScreen.storyboard */; };
		362853C21FE85DF200CBF56E /* RemoGTests.swift in Sources */ = {isa = PBXBuildFile; fileRef = 362853C11FE85DF200CBF56E /* RemoGTests.swift */; };
		362853CD1FE85DF200CBF56E /* RemoGUITests.swift in Sources */ = {isa = PBXBuildFile; fileRef = 362853CC1FE85DF200CBF56E /* RemoGUITests.swift */; };
/* End PBXBuildFile section */

/* Begin PBXContainerItemProxy section */
		362853BE1FE85DF200CBF56E /* PBXContainerItemProxy */ = {
			isa = PBXContainerItemProxy;
			containerPortal = 3628539D1FE85DF200CBF56E /* Project object */;
			proxyType = 1;
			remoteGlobalIDString = 362853A41FE85DF200CBF56E;
			remoteInfo = RemoG;
		};
		362853C91FE85DF200CBF56E /* PBXContainerItemProxy */ = {
			isa = PBXContainerItemProxy;
			containerPortal = 3628539D1FE85DF200CBF56E /* Project object */;
			proxyType = 1;
			remoteGlobalIDString = 362853A41FE85DF200CBF56E;
			remoteInfo = RemoG;
		};
/* End PBXContainerItemProxy section */

/* Begin PBXFileReference section */
		362853A51FE85DF200CBF56E /* RemoG.app */ = {isa = PBXFileReference; explicitFileType = wrapper.application; includeInIndex = 0; path = RemoG.app; sourceTree = BUILT_PRODUCTS_DIR; };
		362853A81FE85DF200CBF56E /* AppDelegate.swift */ = {isa = PBXFileReference; lastKnownFileType = sourcecode.swift; path = AppDelegate.swift; sourceTree = "<group>"; };
		362853AA1FE85DF200CBF56E /* RootViewController.swift */ = {isa = PBXFileReference; lastKnownFileType = sourcecode.swift; path = RootViewController.swift; sourceTree = "<group>"; };
		362853AC1FE85DF200CBF56E /* DataViewController.swift */ = {isa = PBXFileReference; lastKnownFileType = sourcecode.swift; path = DataViewController.swift; sourceTree = "<group>"; };
		362853AE1FE85DF200CBF56E /* ModelController.swift */ = {isa = PBXFileReference; lastKnownFileType = sourcecode.swift; path = ModelController.swift; sourceTree = "<group>"; };
		362853B11FE85DF200CBF56E /* Base */ = {isa = PBXFileReference; lastKnownFileType = file.storyboard; name = Base; path = Base.lproj/Main.storyboard; sourceTree = "<group>"; };
		362853B31FE85DF200CBF56E /* Assets.xcassets */ = {isa = PBXFileReference; lastKnownFileType = folder.assetcatalog; path = Assets.xcassets; sourceTree = "<group>"; };
		362853B61FE85DF200CBF56E /* Base */ = {isa = PBXFileReference; lastKnownFileType = file.storyboard; name = Base; path = Base.lproj/LaunchScreen.storyboard; sourceTree = "<group>"; };
		362853B81FE85DF200CBF56E /* Info.plist */ = {isa = PBXFileReference; lastKnownFileType = text.plist.xml; path = Info.plist; sourceTree = "<group>"; };
		362853BD1FE85DF200CBF56E /* RemoGTests.xctest */ = {isa = PBXFileReference; explicitFileType = wrapper.cfbundle; includeInIndex = 0; path = RemoGTests.xctest; sourceTree = BUILT_PRODUCTS_DIR; };
		362853C11FE85DF200CBF56E /* RemoGTests.swift */ = {isa = PBXFileReference; lastKnownFileType = sourcecode.swift; path = RemoGTests.swift; sourceTree = "<group>"; };
		362853C31FE85DF200CBF56E /* Info.plist */ = {isa = PBXFileReference; lastKnownFileType = text.plist.xml; path = Info.plist; sourceTree = "<group>"; };
		362853C81FE85DF200CBF56E /* RemoGUITests.xctest */ = {isa = PBXFileReference; explicitFileType = wrapper.cfbundle; includeInIndex = 0; path = RemoGUITests.xctest; sourceTree = BUILT_PRODUCTS_DIR; };
		362853CC1FE85DF200CBF56E /* RemoGUITests.swift */ = {isa = PBXFileReference; lastKnownFileType = sourcecode.swift; path = RemoGUITests.swift; sourceTree = "<group>"; };
		362853CE1FE85DF200CBF56E /* Info.plist */ = {isa = PBXFileReference; lastKnownFileType = text.plist.xml; path = Info.plist; sourceTree = "<group>"; };
/* End PBXFileReference section */

/* Begin PBXFrameworksBuildPhase section */
		362853A21FE85DF200CBF56E /* Frameworks */ = {
			isa = PBXFrameworksBuildPhase;
			buildActionMask = 2147483647;
			files = (
			);
			runOnlyForDeploymentPostprocessing = 0;
		};
		362853BA1FE85DF200CBF56E /* Frameworks */ = {
			isa = PBXFrameworksBuildPhase;
			buildActionMask = 2147483647;
			files = (
			);
			runOnlyForDeploymentPostprocessing = 0;
		};
		362853C51FE85DF200CBF56E /* Frameworks */ = {
			isa = PBXFrameworksBuildPhase;
			buildActionMask = 2147483647;
			files = (
			);
			runOnlyForDeploymentPostprocessing = 0;
		};
/* End PBXFrameworksBuildPhase section */

/* Begin PBXGroup section */
		3628539C1FE85DF200CBF56E = {
			isa = PBXGroup;
			children = (
				362853A71FE85DF200CBF56E /* RemoG */,
				362853C01FE85DF200CBF56E /* RemoGTests */,
				362853CB1FE85DF200CBF56E /* RemoGUITests */,
				362853A61FE85DF200CBF56E /* Products */,
			);
			sourceTree = "<group>";
		};
		362853A61FE85DF200CBF56E /* Products */ = {
			isa = PBXGroup;
			children = (
				362853A51FE85DF200CBF56E /* RemoG.app */,
				362853BD1FE85DF200CBF56E /* RemoGTests.xctest */,
				362853C81FE85DF200CBF56E /* RemoGUITests.xctest */,
			);
			name = Products;
			sourceTree = "<group>";
		};
		362853A71FE85DF200CBF56E /* RemoG */ = {
			isa = PBXGroup;
			children = (
				362853A81FE85DF200CBF56E /* AppDelegate.swift */,
				362853AA1FE85DF200CBF56E /* RootViewController.swift */,
				362853AC1FE85DF200CBF56E /* DataViewController.swift */,
				362853AE1FE85DF200CBF56E /* ModelController.swift */,
				362853B01FE85DF200CBF56E /* Main.storyboard */,
				362853B31FE85DF200CBF56E /* Assets.xcassets */,
				362853B51FE85DF200CBF56E /* LaunchScreen.storyboard */,
				362853B81FE85DF200CBF56E /* Info.plist */,
			);
			path = RemoG;
			sourceTree = "<group>";
		};
		362853C01FE85DF200CBF56E /* RemoGTests */ = {
			isa = PBXGroup;
			children = (
				362853C11FE85DF200CBF56E /* RemoGTests.swift */,
				362853C31FE85DF200CBF56E /* Info.plist */,
			);
			path = RemoGTests;
			sourceTree = "<group>";
		};
		362853CB1FE85DF200CBF56E /* RemoGUITests */ = {
			isa = PBXGroup;
			children = (
				362853CC1FE85DF200CBF56E /* RemoGUITests.swift */,
				362853CE1FE85DF200CBF56E /* Info.plist */,
			);
			path = RemoGUITests;
			sourceTree = "<group>";
		};
/* End PBXGroup section */

/* Begin PBXNativeTarget section */
		362853A41FE85DF200CBF56E /* RemoG */ = {
			isa = PBXNativeTarget;
			buildConfigurationList = 362853D11FE85DF200CBF56E /* Build configuration list for PBXNativeTarget "RemoG" */;
			buildPhases = (
				362853A11FE85DF200CBF56E /* Sources */,
				362853A21FE85DF200CBF56E /* Frameworks */,
				362853A31FE85DF200CBF56E /* Resources */,
			);
			buildRules = (
			);
			dependencies = (
			);
			name = RemoG;
			productName = RemoG;
			productReference = 362853A51FE85DF200CBF56E /* RemoG.app */;
			productType = "com.apple.product-type.application";
		};
		362853BC1FE85DF200CBF56E /* RemoGTests */ = {
			isa = PBXNativeTarget;
			buildConfigurationList = 362853D41FE85DF200CBF56E /* Build configuration list for PBXNativeTarget "RemoGTests" */;
			buildPhases = (
				362853B91FE85DF200CBF56E /* Sources */,
				362853BA1FE85DF200CBF56E /* Frameworks */,
				362853BB1FE85DF200CBF56E /* Resources */,
			);
			buildRules = (
			);
			dependencies = (
				362853BF1FE85DF200CBF56E /* PBXTargetDependency */,
			);
			name = RemoGTests;
			productName = RemoGTests;
			productReference = 362853BD1FE85DF200CBF56E /* RemoGTests.xctest */;
			productType = "com.apple.product-type.bundle.unit-test";
		};
		362853C71FE85DF200CBF56E /* RemoGUITests */ = {
			isa = PBXNativeTarget;
			buildConfigurationList = 362853D71FE85DF200CBF56E /* Build configuration list for PBXNativeTarget "RemoGUITests" */;
			buildPhases = (
				362853C41FE85DF200CBF56E /* Sources */,
				362853C51FE85DF200CBF56E /* Frameworks */,
				362853C61FE85DF200CBF56E /* Resources */,
			);
			buildRules = (
			);
			dependencies = (
				362853CA1FE85DF200CBF56E /* PBXTargetDependency */,
			);
			name = RemoGUITests;
			productName = RemoGUITests;
			productReference = 362853C81FE85DF200CBF56E /* RemoGUITests.xctest */;
			productType = "com.apple.product-type.bundle.ui-testing";
		};
/* End PBXNativeTarget section */

/* Begin PBXProject section */
		3628539D1FE85DF200CBF56E /* Project object */ = {
			isa = PBXProject;
			attributes = {
				LastSwiftUpdateCheck = 0920;
				LastUpgradeCheck = 0920;
				ORGANIZATIONNAME = Resc;
				TargetAttributes = {
					362853A41FE85DF200CBF56E = {
						CreatedOnToolsVersion = 9.2;
						ProvisioningStyle = Automatic;
					};
					362853BC1FE85DF200CBF56E = {
						CreatedOnToolsVersion = 9.2;
						ProvisioningStyle = Automatic;
						TestTargetID = 362853A41FE85DF200CBF56E;
					};
					362853C71FE85DF200CBF56E = {
						CreatedOnToolsVersion = 9.2;
						ProvisioningStyle = Automatic;
						TestTargetID = 362853A41FE85DF200CBF56E;
					};
				};
			};
			buildConfigurationList = 362853A01FE85DF200CBF56E /* Build configuration list for PBXProject "RemoG" */;
			compatibilityVersion = "Xcode 8.0";
			developmentRegion = en;
			hasScannedForEncodings = 0;
			knownRegions = (
				en,
				Base,
			);
			mainGroup = 3628539C1FE85DF200CBF56E;
			productRefGroup = 362853A61FE85DF200CBF56E /* Products */;
			projectDirPath = "";
			projectRoot = "";
			targets = (
				362853A41FE85DF200CBF56E /* RemoG */,
				362853BC1FE85DF200CBF56E /* RemoGTests */,
				362853C71FE85DF200CBF56E /* RemoGUITests */,
			);
		};
/* End PBXProject section */

/* Begin PBXResourcesBuildPhase section */
		362853A31FE85DF200CBF56E /* Resources */ = {
			isa = PBXResourcesBuildPhase;
			buildActionMask = 2147483647;
			files = (
				362853B71FE85DF200CBF56E /* LaunchScreen.storyboard in Resources */,
				362853B41FE85DF200CBF56E /* Assets.xcassets in Resources */,
				362853B21FE85DF200CBF56E /* Main.storyboard in Resources */,
			);
			runOnlyForDeploymentPostprocessing = 0;
		};
		362853BB1FE85DF200CBF56E /* Resources */ = {
			isa = PBXResourcesBuildPhase;
			buildActionMask = 2147483647;
			files = (
			);
			runOnlyForDeploymentPostprocessing = 0;
		};
		362853C61FE85DF200CBF56E /* Resources */ = {
			isa = PBXResourcesBuildPhase;
			buildActionMask = 2147483647;
			files = (
			);
			runOnlyForDeploymentPostprocessing = 0;
		};
/* End PBXResourcesBuildPhase section */

/* Begin PBXSourcesBuildPhase section */
		362853A11FE85DF200CBF56E /* Sources */ = {
			isa = PBXSourcesBuildPhase;
			buildActionMask = 2147483647;
			files = (
				362853AB1FE85DF200CBF56E /* RootViewController.swift in Sources */,
				362853AF1FE85DF200CBF56E /* ModelController.swift in Sources */,
				362853AD1FE85DF200CBF56E /* DataViewController.swift in Sources */,
				362853A91FE85DF200CBF56E /* AppDelegate.swift in Sources */,
			);
			runOnlyForDeploymentPostprocessing = 0;
		};
		362853B91FE85DF200CBF56E /* Sources */ = {
			isa = PBXSourcesBuildPhase;
			buildActionMask = 2147483647;
			files = (
				362853C21FE85DF200CBF56E /* RemoGTests.swift in Sources */,
			);
			runOnlyForDeploymentPostprocessing = 0;
		};
		362853C41FE85DF200CBF56E /* Sources */ = {
			isa = PBXSourcesBuildPhase;
			buildActionMask = 2147483647;
			files = (
				362853CD1FE85DF200CBF56E /* RemoGUITests.swift in Sources */,
			);
			runOnlyForDeploymentPostprocessing = 0;
		};
/* End PBXSourcesBuildPhase section */

/* Begin PBXTargetDependency section */
		362853BF1FE85DF200CBF56E /* PBXTargetDependency */ = {
			isa = PBXTargetDependency;
			target = 362853A41FE85DF200CBF56E /* RemoG */;
			targetProxy = 362853BE1FE85DF200CBF56E /* PBXContainerItemProxy */;
		};
		362853CA1FE85DF200CBF56E /* PBXTargetDependency */ = {
			isa = PBXTargetDependency;
			target = 362853A41FE85DF200CBF56E /* RemoG */;
			targetProxy = 362853C91FE85DF200CBF56E /* PBXContainerItemProxy */;
		};
/* End PBXTargetDependency section */

/* Begin PBXVariantGroup section */
		362853B01FE85DF200CBF56E /* Main.storyboard */ = {
			isa = PBXVariantGroup;
			children = (
				362853B11FE85DF200CBF56E /* Base */,
			);
			name = Main.storyboard;
			sourceTree = "<group>";
		};
		362853B51FE85DF200CBF56E /* LaunchScreen.storyboard */ = {
			isa = PBXVariantGroup;
			children = (
				362853B61FE85DF200CBF56E /* Base */,
			);
			name = LaunchScreen.storyboard;
			sourceTree = "<group>";
		};
/* End PBXVariantGroup section */

/* Begin XCBuildConfiguration section */
		362853CF1FE85DF200CBF56E /* Debug */ = {
			isa = XCBuildConfiguration;
			buildSettings = {
				ALWAYS_SEARCH_USER_PATHS = NO;
				CLANG_ANALYZER_NONNULL = YES;
				CLANG_ANALYZER_NUMBER_OBJECT_CONVERSION = YES_AGGRESSIVE;
				CLANG_CXX_LANGUAGE_STANDARD = "gnu++14";
				CLANG_CXX_LIBRARY = "libc++";
				CLANG_ENABLE_MODULES = YES;
				CLANG_ENABLE_OBJC_ARC = YES;
				CLANG_WARN_BLOCK_CAPTURE_AUTORELEASING = YES;
				CLANG_WARN_BOOL_CONVERSION = YES;
				CLANG_WARN_COMMA = YES;
				CLANG_WARN_CONSTANT_CONVERSION = YES;
				CLANG_WARN_DIRECT_OBJC_ISA_USAGE = YES_ERROR;
				CLANG_WARN_DOCUMENTATION_COMMENTS = YES;
				CLANG_WARN_EMPTY_BODY = YES;
				CLANG_WARN_ENUM_CONVERSION = YES;
				CLANG_WARN_INFINITE_RECURSION = YES;
				CLANG_WARN_INT_CONVERSION = YES;
				CLANG_WARN_NON_LITERAL_NULL_CONVERSION = YES;
				CLANG_WARN_OBJC_LITERAL_CONVERSION = YES;
				CLANG_WARN_OBJC_ROOT_CLASS = YES_ERROR;
				CLANG_WARN_RANGE_LOOP_ANALYSIS = YES;
				CLANG_WARN_STRICT_PROTOTYPES = YES;
				CLANG_WARN_SUSPICIOUS_MOVE = YES;
				CLANG_WARN_UNGUARDED_AVAILABILITY = YES_AGGRESSIVE;
				CLANG_WARN_UNREACHABLE_CODE = YES;
				CLANG_WARN__DUPLICATE_METHOD_MATCH = YES;
				CODE_SIGN_IDENTITY = "iPhone Developer";
				COPY_PHASE_STRIP = NO;
				DEBUG_INFORMATION_FORMAT = dwarf;
				ENABLE_STRICT_OBJC_MSGSEND = YES;
				ENABLE_TESTABILITY = YES;
				GCC_C_LANGUAGE_STANDARD = gnu11;
				GCC_DYNAMIC_NO_PIC = NO;
				GCC_NO_COMMON_BLOCKS = YES;
				GCC_OPTIMIZATION_LEVEL = 0;
				GCC_PREPROCESSOR_DEFINITIONS = (
					"DEBUG=1",
					"$(inherited)",
				);
				GCC_WARN_64_TO_32_BIT_CONVERSION = YES;
				GCC_WARN_ABOUT_RETURN_TYPE = YES_ERROR;
				GCC_WARN_UNDECLARED_SELECTOR = YES;
				GCC_WARN_UNINITIALIZED_AUTOS = YES_AGGRESSIVE;
				GCC_WARN_UNUSED_FUNCTION = YES;
				GCC_WARN_UNUSED_VARIABLE = YES;
				IPHONEOS_DEPLOYMENT_TARGET = 11.2;
				MTL_ENABLE_DEBUG_INFO = YES;
				ONLY_ACTIVE_ARCH = YES;
				SDKROOT = iphoneos;
				SWIFT_ACTIVE_COMPILATION_CONDITIONS = DEBUG;
				SWIFT_OPTIMIZATION_LEVEL = "-Onone";
			};
			name = Debug;
		};
		362853D01FE85DF200CBF56E /* Release */ = {
			isa = XCBuildConfiguration;
			buildSettings = {
				ALWAYS_SEARCH_USER_PATHS = NO;
				CLANG_ANALYZER_NONNULL = YES;
				CLANG_ANALYZER_NUMBER_OBJECT_CONVERSION = YES_AGGRESSIVE;
				CLANG_CXX_LANGUAGE_STANDARD = "gnu++14";
				CLANG_CXX_LIBRARY = "libc++";
				CLANG_ENABLE_MODULES = YES;
				CLANG_ENABLE_OBJC_ARC = YES;
				CLANG_WARN_BLOCK_CAPTURE_AUTORELEASING = YES;
				CLANG_WARN_BOOL_CONVERSION = YES;
				CLANG_WARN_COMMA = YES;
				CLANG_WARN_CONSTANT_CONVERSION = YES;
				CLANG_WARN_DIRECT_OBJC_ISA_USAGE = YES_ERROR;
				CLANG_WARN_DOCUMENTATION_COMMENTS = YES;
				CLANG_WARN_EMPTY_BODY = YES;
				CLANG_WARN_ENUM_CONVERSION = YES;
				CLANG_WARN_INFINITE_RECURSION = YES;
				CLANG_WARN_INT_CONVERSION = YES;
				CLANG_WARN_NON_LITERAL_NULL_CONVERSION = YES;
				CLANG_WARN_OBJC_LITERAL_CONVERSION = YES;
				CLANG_WARN_OBJC_ROOT_CLASS = YES_ERROR;
				CLANG_WARN_RANGE_LOOP_ANALYSIS = YES;
				CLANG_WARN_STRICT_PROTOTYPES = YES;
				CLANG_WARN_SUSPICIOUS_MOVE = YES;
				CLANG_WARN_UNGUARDED_AVAILABILITY = YES_AGGRESSIVE;
				CLANG_WARN_UNREACHABLE_CODE = YES;
				CLANG_WARN__DUPLICATE_METHOD_MATCH = YES;
				CODE_SIGN_IDENTITY = "iPhone Developer";
				COPY_PHASE_STRIP = NO;
				DEBUG_INFORMATION_FORMAT = "dwarf-with-dsym";
				ENABLE_NS_ASSERTIONS = NO;
				ENABLE_STRICT_OBJC_MSGSEND = YES;
				GCC_C_LANGUAGE_STANDARD = gnu11;
				GCC_NO_COMMON_BLOCKS = YES;
				GCC_WARN_64_TO_32_BIT_CONVERSION = YES;
				GCC_WARN_ABOUT_RETURN_TYPE = YES_ERROR;
				GCC_WARN_UNDECLARED_SELECTOR = YES;
				GCC_WARN_UNINITIALIZED_AUTOS = YES_AGGRESSIVE;
				GCC_WARN_UNUSED_FUNCTION = YES;
				GCC_WARN_UNUSED_VARIABLE = YES;
				IPHONEOS_DEPLOYMENT_TARGET = 11.2;
				MTL_ENABLE_DEBUG_INFO = NO;
				SDKROOT = iphoneos;
				SWIFT_OPTIMIZATION_LEVEL = "-Owholemodule";
				VALIDATE_PRODUCT = YES;
			};
			name = Release;
		};
		362853D21FE85DF200CBF56E /* Debug */ = {
			isa = XCBuildConfiguration;
			buildSettings = {
				ASSETCATALOG_COMPILER_APPICON_NAME = AppIcon;
				CODE_SIGN_STYLE = Automatic;
				INFOPLIST_FILE = RemoG/Info.plist;
				LD_RUNPATH_SEARCH_PATHS = "$(inherited) @executable_path/Frameworks";
				PRODUCT_BUNDLE_IDENTIFIER = com.resc.RemoG;
				PRODUCT_NAME = "$(TARGET_NAME)";
				SWIFT_VERSION = 4.0;
				TARGETED_DEVICE_FAMILY = "1,2";
			};
			name = Debug;
		};
		362853D31FE85DF200CBF56E /* Release */ = {
			isa = XCBuildConfiguration;
			buildSettings = {
				ASSETCATALOG_COMPILER_APPICON_NAME = AppIcon;
				CODE_SIGN_STYLE = Automatic;
				INFOPLIST_FILE = RemoG/Info.plist;
				LD_RUNPATH_SEARCH_PATHS = "$(inherited) @executable_path/Frameworks";
				PRODUCT_BUNDLE_IDENTIFIER = com.resc.RemoG;
				PRODUCT_NAME = "$(TARGET_NAME)";
				SWIFT_VERSION = 4.0;
				TARGETED_DEVICE_FAMILY = "1,2";
			};
			name = Release;
		};
		362853D51FE85DF200CBF56E /* Debug */ = {
			isa = XCBuildConfiguration;
			buildSettings = {
				ALWAYS_EMBED_SWIFT_STANDARD_LIBRARIES = YES;
				BUNDLE_LOADER = "$(TEST_HOST)";
				CODE_SIGN_STYLE = Automatic;
				INFOPLIST_FILE = RemoGTests/Info.plist;
				LD_RUNPATH_SEARCH_PATHS = "$(inherited) @executable_path/Frameworks @loader_path/Frameworks";
				PRODUCT_BUNDLE_IDENTIFIER = com.resc.RemoGTests;
				PRODUCT_NAME = "$(TARGET_NAME)";
				SWIFT_VERSION = 4.0;
				TARGETED_DEVICE_FAMILY = "1,2";
				TEST_HOST = "$(BUILT_PRODUCTS_DIR)/RemoG.app/RemoG";
			};
			name = Debug;
		};
		362853D61FE85DF200CBF56E /* Release */ = {
			isa = XCBuildConfiguration;
			buildSettings = {
				ALWAYS_EMBED_SWIFT_STANDARD_LIBRARIES = YES;
				BUNDLE_LOADER = "$(TEST_HOST)";
				CODE_SIGN_STYLE = Automatic;
				INFOPLIST_FILE = RemoGTests/Info.plist;
				LD_RUNPATH_SEARCH_PATHS = "$(inherited) @executable_path/Frameworks @loader_path/Frameworks";
				PRODUCT_BUNDLE_IDENTIFIER = com.resc.RemoGTests;
				PRODUCT_NAME = "$(TARGET_NAME)";
				SWIFT_VERSION = 4.0;
				TARGETED_DEVICE_FAMILY = "1,2";
				TEST_HOST = "$(BUILT_PRODUCTS_DIR)/RemoG.app/RemoG";
			};
			name = Release;
		};
		362853D81FE85DF200CBF56E /* Debug */ = {
			isa = XCBuildConfiguration;
			buildSettings = {
				ALWAYS_EMBED_SWIFT_STANDARD_LIBRARIES = YES;
				CODE_SIGN_STYLE = Automatic;
				INFOPLIST_FILE = RemoGUITests/Info.plist;
				LD_RUNPATH_SEARCH_PATHS = "$(inherited) @executable_path/Frameworks @loader_path/Frameworks";
				PRODUCT_BUNDLE_IDENTIFIER = com.resc.RemoGUITests;
				PRODUCT_NAME = "$(TARGET_NAME)";
				SWIFT_VERSION = 4.0;
				TARGETED_DEVICE_FAMILY = "1,2";
				TEST_TARGET_NAME = RemoG;
			};
			name = Debug;
		};
		362853D91FE85DF200CBF56E /* Release */ = {
			isa = XCBuildConfiguration;
			buildSettings = {
				ALWAYS_EMBED_SWIFT_STANDARD_LIBRARIES = YES;
				CODE_SIGN_STYLE = Automatic;
				INFOPLIST_FILE = RemoGUITests/Info.plist;
				LD_RUNPATH_SEARCH_PATHS = "$(inherited) @executable_path/Frameworks @loader_path/Frameworks";
				PRODUCT_BUNDLE_IDENTIFIER = com.resc.RemoGUITests;
				PRODUCT_NAME = "$(TARGET_NAME)";
				SWIFT_VERSION = 4.0;
				TARGETED_DEVICE_FAMILY = "1,2";
				TEST_TARGET_NAME = RemoG;
			};
			name = Release;
		};
/* End XCBuildConfiguration section */

/* Begin XCConfigurationList section */
		362853A01FE85DF200CBF56E /* Build configuration list for PBXProject "RemoG" */ = {
			isa = XCConfigurationList;
			buildConfigurations = (
				362853CF1FE85DF200CBF56E /* Debug */,
				362853D01FE85DF200CBF56E /* Release */,
			);
			defaultConfigurationIsVisible = 0;
			defaultConfigurationName = Release;
		};
		362853D11FE85DF200CBF56E /* Build configuration list for PBXNativeTarget "RemoG" */ = {
			isa = XCConfigurationList;
			buildConfigurations = (
				362853D21FE85DF200CBF56E /* Debug */,
				362853D31FE85DF200CBF56E /* Release */,
			);
			defaultConfigurationIsVisible = 0;
			defaultConfigurationName = Release;
		};
		362853D41FE85DF200CBF56E /* Build configuration list for PBXNativeTarget "RemoGTests" */ = {
			isa = XCConfigurationList;
			buildConfigurations = (
				362853D51FE85DF200CBF56E /* Debug */,
				362853D61FE85DF200CBF56E /* Release */,
			);
			defaultConfigurationIsVisible = 0;
			defaultConfigurationName = Release;
		};
		362853D71FE85DF200CBF56E /* Build configuration list for PBXNativeTarget "RemoGUITests" */ = {
			isa = XCConfigurationList;
			buildConfigurations = (
				362853D81FE85DF200CBF56E /* Debug */,
				362853D91FE85DF200CBF56E /* Release */,
			);
			defaultConfigurationIsVisible = 0;
			defaultConfigurationName = Release;
		};
/* End XCConfigurationList section */
	};
	rootObject = 3628539D1FE85DF200CBF56E /* Project object */;
}
